
Microsoft Visual Studio Solution File, Format Version 12.00
# Visual Studio 2017
Project("{FAE04EC0-301F-11D3-BF4B-00C04F79EFBC}") = "VR test", "VR test.csproj", "{AD13F2DB-4142-2A22-1D82-86489AE232F4}"
EndProject
Project("{FAE04EC0-301F-11D3-BF4B-00C04F79EFBC}") = "VR test.Editor", "VR test.Editor.csproj", "{C28BBCF2-053F-02D6-9CFA-127DDCAECFB4}"
EndProject
Global
	GlobalSection(SolutionConfigurationPlatforms) = preSolution
		Debug|Any CPU = Debug|Any CPU
		Release|Any CPU = Release|Any CPU
	EndGlobalSection
	GlobalSection(ProjectConfigurationPlatforms) = postSolution
		{AD13F2DB-4142-2A22-1D82-86489AE232F4}.Debug|Any CPU.ActiveCfg = Debug|Any CPU
		{AD13F2DB-4142-2A22-1D82-86489AE232F4}.Debug|Any CPU.Build.0 = Debug|Any CPU
		{AD13F2DB-4142-2A22-1D82-86489AE232F4}.Release|Any CPU.ActiveCfg = Release|Any CPU
		{AD13F2DB-4142-2A22-1D82-86489AE232F4}.Release|Any CPU.Build.0 = Release|Any CPU
		{C28BBCF2-053F-02D6-9CFA-127DDCAECFB4}.Debug|Any CPU.ActiveCfg = Debug|Any CPU
		{C28BBCF2-053F-02D6-9CFA-127DDCAECFB4}.Debug|Any CPU.Build.0 = Debug|Any CPU
		{C28BBCF2-053F-02D6-9CFA-127DDCAECFB4}.Release|Any CPU.ActiveCfg = Release|Any CPU
		{C28BBCF2-053F-02D6-9CFA-127DDCAECFB4}.Release|Any CPU.Build.0 = Release|Any CPU
	EndGlobalSection
	GlobalSection(SolutionProperties) = preSolution
		HideSolutionNode = FALSE
	EndGlobalSection
EndGlobal
